
Microsoft Visual Studio Solution File, Format Version 12.00
# Visual Studio Version 17
VisualStudioVersion = 17.5.002.0
MinimumVisualStudioVersion = 10.0.40219.1
Project("{9A19103F-16F7-4668-BE54-9A1E7A4F7556}") = "NetAPI-Azure-Docker", "NetAPI-Azure-Docker.csproj", "{ECED00B8-769C-4DB6-9BEF-06EAFE557DB3}"
EndProject
Global
	GlobalSection(SolutionConfigurationPlatforms) = preSolution
		Debug|Any CPU = Debug|Any CPU
		Release|Any CPU = Release|Any CPU
	EndGlobalSection
	GlobalSection(ProjectConfigurationPlatforms) = postSolution
		{ECED00B8-769C-4DB6-9BEF-06EAFE557DB3}.Debug|Any CPU.ActiveCfg = Debug|Any CPU
		{ECED00B8-769C-4DB6-9BEF-06EAFE557DB3}.Debug|Any CPU.Build.0 = Debug|Any CPU
		{ECED00B8-769C-4DB6-9BEF-06EAFE557DB3}.Release|Any CPU.ActiveCfg = Release|Any CPU
		{ECED00B8-769C-4DB6-9BEF-06EAFE557DB3}.Release|Any CPU.Build.0 = Release|Any CPU
	EndGlobalSection
	GlobalSection(SolutionProperties) = preSolution
		HideSolutionNode = FALSE
	EndGlobalSection
	GlobalSection(ExtensibilityGlobals) = postSolution
		SolutionGuid = {0FC5208F-6ACD-432F-BC39-6DFA65DB03F0}
	EndGlobalSection
EndGlobal
